
Microsoft Visual Studio Solution File, Format Version 12.00
# Visual Studio Version 17
VisualStudioVersion = 17.8.34316.72
MinimumVisualStudioVersion = 10.0.40219.1
Project("{9A19103F-16F7-4668-BE54-9A1E7A4F7556}") = "Drhtf", "Drhtf\Drhtf.csproj", "{D5568EE2-F1FF-4B4B-92D1-551714D6AF3D}"
EndProject
Project("{9A19103F-16F7-4668-BE54-9A1E7A4F7556}") = "DrhtfLib", "DrhtfLib\DrhtfLib.csproj", "{10180F5E-1864-48FA-AD84-842CE40C4392}"
EndProject
Project("{2150E333-8FDC-42A3-9474-1A3956D46DE8}") = "Solution Items", "Solution Items", "{F87AD6F6-7A15-4414-AE9A-14D15B502C33}"
	ProjectSection(SolutionItems) = preProject
		.editorconfig = .editorconfig
	EndProjectSection
EndProject
Global
	GlobalSection(SolutionConfigurationPlatforms) = preSolution
		Debug|Any CPU = Debug|Any CPU
		Release|Any CPU = Release|Any CPU
	EndGlobalSection
	GlobalSection(ProjectConfigurationPlatforms) = postSolution
		{D5568EE2-F1FF-4B4B-92D1-551714D6AF3D}.Debug|Any CPU.ActiveCfg = Debug|Any CPU
		{D5568EE2-F1FF-4B4B-92D1-551714D6AF3D}.Debug|Any CPU.Build.0 = Debug|Any CPU
		{D5568EE2-F1FF-4B4B-92D1-551714D6AF3D}.Release|Any CPU.ActiveCfg = Release|Any CPU
		{D5568EE2-F1FF-4B4B-92D1-551714D6AF3D}.Release|Any CPU.Build.0 = Release|Any CPU
		{10180F5E-1864-48FA-AD84-842CE40C4392}.Debug|Any CPU.ActiveCfg = Debug|Any CPU
		{10180F5E-1864-48FA-AD84-842CE40C4392}.Debug|Any CPU.Build.0 = Debug|Any CPU
		{10180F5E-1864-48FA-AD84-842CE40C4392}.Release|Any CPU.ActiveCfg = Release|Any CPU
		{10180F5E-1864-48FA-AD84-842CE40C4392}.Release|Any CPU.Build.0 = Release|Any CPU
	EndGlobalSection
	GlobalSection(SolutionProperties) = preSolution
		HideSolutionNode = FALSE
	EndGlobalSection
	GlobalSection(ExtensibilityGlobals) = postSolution
		SolutionGuid = {E7906E39-6720-438A-A5CA-B2E4E4B6F964}
	EndGlobalSection
EndGlobal
